// !$*UTF8*$!
{
	archiveVersion = 1;
	classes = {
	};
	objectVersion = 46;
	objects = {

/* Begin PBXFileReference section */
		5910AE3018A05C05001CE2C6 /* test_layer_params.cfg */ = {isa = PBXFileReference; lastKnownFileType = text; path = test_layer_params.cfg; sourceTree = "<group>"; };
		5910AE3118A05C05001CE2C6 /* test_layer.cfg */ = {isa = PBXFileReference; lastKnownFileType = text; path = test_layer.cfg; sourceTree = "<group>"; };
		5910AE3218A15422001CE2C6 /* infinity_layer_params.cfg */ = {isa = PBXFileReference; lastKnownFileType = text; path = infinity_layer_params.cfg; sourceTree = "<group>"; };
		5910AE3318A15422001CE2C6 /* infinity_layer.cfg */ = {isa = PBXFileReference; lastKnownFileType = text; path = infinity_layer.cfg; sourceTree = "<group>"; };
		59A97BF1189F2EB7002E167F /* ABOUT */ = {isa = PBXFileReference; lastKnownFileType = text; path = ABOUT; sourceTree = "<group>"; };
		59A97BF2189F2EB7002E167F /* build.sh */ = {isa = PBXFileReference; lastKnownFileType = text.script.sh; path = build.sh; sourceTree = "<group>"; };
		59A97BF3189F2EB7002E167F /* common-gcc-cuda-4.0.mk */ = {isa = PBXFileReference; lastKnownFileType = text; path = "common-gcc-cuda-4.0.mk"; sourceTree = "<group>"; };
		59A97BF4189F2EB7002E167F /* common-gcc-cuda-5.0.mk */ = {isa = PBXFileReference; lastKnownFileType = text; path = "common-gcc-cuda-5.0.mk"; sourceTree = "<group>"; };
		59A97BF5189F2EB7002E167F /* convdata.py */ = {isa = PBXFileReference; lastKnownFileType = text.script.python; path = convdata.py; sourceTree = "<group>"; };
		59A97BF7189F2EB7002E167F /* convnet.py */ = {isa = PBXFileReference; lastKnownFileType = text.script.python; path = convnet.py; sourceTree = "<group>"; };
		59A97BF9189F2EB7002E167F /* data.py */ = {isa = PBXFileReference; lastKnownFileType = text.script.python; path = data.py; sourceTree = "<group>"; };
		59A97BFC189F2EB7002E167F /* cuda_layer.cfg */ = {isa = PBXFileReference; lastKnownFileType = text; path = cuda_layer.cfg; sourceTree = "<group>"; };
		59A97BFD189F2EB7002E167F /* cuda_layer_params.cfg */ = {isa = PBXFileReference; lastKnownFileType = text; path = cuda_layer_params.cfg; sourceTree = "<group>"; };
		59A97BFE189F2EB7002E167F /* layer-params-18pct.cfg */ = {isa = PBXFileReference; lastKnownFileType = text; path = "layer-params-18pct.cfg"; sourceTree = "<group>"; };
		59A97BFF189F2EB7002E167F /* layer-params-19pct.cfg */ = {isa = PBXFileReference; lastKnownFileType = text; path = "layer-params-19pct.cfg"; sourceTree = "<group>"; };
		59A97C00189F2EB7002E167F /* layer-params-80sec.cfg */ = {isa = PBXFileReference; lastKnownFileType = text; path = "layer-params-80sec.cfg"; sourceTree = "<group>"; };
		59A97C01189F2EB7002E167F /* layer-params-conv-local-11pct.cfg */ = {isa = PBXFileReference; lastKnownFileType = text; path = "layer-params-conv-local-11pct.cfg"; sourceTree = "<group>"; };
		59A97C02189F2EB7002E167F /* layer-params-conv-local-13pct.cfg */ = {isa = PBXFileReference; lastKnownFileType = text; path = "layer-params-conv-local-13pct.cfg"; sourceTree = "<group>"; };
		59A97C03189F2EB7002E167F /* layer-params-example.cfg */ = {isa = PBXFileReference; lastKnownFileType = text; path = "layer-params-example.cfg"; sourceTree = "<group>"; };
		59A97C04189F2EB7002E167F /* layer-params.gc.cfg */ = {isa = PBXFileReference; lastKnownFileType = text; path = "layer-params.gc.cfg"; sourceTree = "<group>"; };
		59A97C05189F2EB7002E167F /* layers-18pct.cfg */ = {isa = PBXFileReference; lastKnownFileType = text; path = "layers-18pct.cfg"; sourceTree = "<group>"; };
		59A97C06189F2EB7002E167F /* layers-19pct.cfg */ = {isa = PBXFileReference; lastKnownFileType = text; path = "layers-19pct.cfg"; sourceTree = "<group>"; };
		59A97C07189F2EB7002E167F /* layers-80sec.cfg */ = {isa = PBXFileReference; lastKnownFileType = text; path = "layers-80sec.cfg"; sourceTree = "<group>"; };
		59A97C08189F2EB7002E167F /* layers-conv-local-11pct.cfg */ = {isa = PBXFileReference; lastKnownFileType = text; path = "layers-conv-local-11pct.cfg"; sourceTree = "<group>"; };
		59A97C09189F2EB7002E167F /* layers-conv-local-13pct.cfg */ = {isa = PBXFileReference; lastKnownFileType = text; path = "layers-conv-local-13pct.cfg"; sourceTree = "<group>"; };
		59A97C0A189F2EB7002E167F /* layers-example.cfg */ = {isa = PBXFileReference; lastKnownFileType = text; path = "layers-example.cfg"; sourceTree = "<group>"; };
		59A97C0B189F2EB7002E167F /* layers.gc.cfg */ = {isa = PBXFileReference; lastKnownFileType = text; path = layers.gc.cfg; sourceTree = "<group>"; };
		59A97C0C189F2EB7002E167F /* gpumodel.py */ = {isa = PBXFileReference; lastKnownFileType = text.script.python; path = gpumodel.py; sourceTree = "<group>"; };
		59A97C10189F2EB7002E167F /* matrix.h */ = {isa = PBXFileReference; lastKnownFileType = sourcecode.c.h; path = matrix.h; sourceTree = "<group>"; };
		59A97C11189F2EB7002E167F /* matrix_funcs.h */ = {isa = PBXFileReference; lastKnownFileType = sourcecode.c.h; path = matrix_funcs.h; sourceTree = "<group>"; };
		59A97C12189F2EB7002E167F /* queue.h */ = {isa = PBXFileReference; lastKnownFileType = sourcecode.c.h; path = queue.h; sourceTree = "<group>"; };
		59A97C13189F2EB7002E167F /* thread.h */ = {isa = PBXFileReference; lastKnownFileType = sourcecode.c.h; path = thread.h; sourceTree = "<group>"; };
		59A97C14189F2EB7002E167F /* convnet.cuh */ = {isa = PBXFileReference; lastKnownFileType = text; path = convnet.cuh; sourceTree = "<group>"; };
		59A97C15189F2EB7002E167F /* cost.cuh */ = {isa = PBXFileReference; lastKnownFileType = text; path = cost.cuh; sourceTree = "<group>"; };
		59A97C17189F2EB7002E167F /* conv_util.cuh */ = {isa = PBXFileReference; lastKnownFileType = text; path = conv_util.cuh; sourceTree = "<group>"; };
		59A97C18189F2EB7002E167F /* cudaconv2.cuh */ = {isa = PBXFileReference; lastKnownFileType = text; path = cudaconv2.cuh; sourceTree = "<group>"; };
		59A97C19189F2EB7002E167F /* data.cuh */ = {isa = PBXFileReference; lastKnownFileType = text; path = data.cuh; sourceTree = "<group>"; };
		59A97C1A189F2EB7002E167F /* layer.cuh */ = {isa = PBXFileReference; lastKnownFileType = text; path = layer.cuh; sourceTree = "<group>"; };
		59A97C1B189F2EB7002E167F /* layer_kernels.cuh */ = {isa = PBXFileReference; lastKnownFileType = text; path = layer_kernels.cuh; sourceTree = "<group>"; };
		59A97C1C189F2EB7002E167F /* neuron.cuh */ = {isa = PBXFileReference; lastKnownFileType = text; path = neuron.cuh; sourceTree = "<group>"; };
		59A97C1E189F2EB7002E167F /* nvmatrix.cuh */ = {isa = PBXFileReference; lastKnownFileType = text; path = nvmatrix.cuh; sourceTree = "<group>"; };
		59A97C1F189F2EB7002E167F /* nvmatrix_kernels.cuh */ = {isa = PBXFileReference; lastKnownFileType = text; path = nvmatrix_kernels.cuh; sourceTree = "<group>"; };
		59A97C20189F2EB7002E167F /* nvmatrix_operators.cuh */ = {isa = PBXFileReference; lastKnownFileType = text; path = nvmatrix_operators.cuh; sourceTree = "<group>"; };
		59A97C21189F2EB7002E167F /* pyconvnet.cuh */ = {isa = PBXFileReference; lastKnownFileType = text; path = pyconvnet.cuh; sourceTree = "<group>"; };
		59A97C22189F2EB7002E167F /* util.cuh */ = {isa = PBXFileReference; lastKnownFileType = text; path = util.cuh; sourceTree = "<group>"; };
		59A97C23189F2EB7002E167F /* weights.cuh */ = {isa = PBXFileReference; lastKnownFileType = text; path = weights.cuh; sourceTree = "<group>"; };
		59A97C24189F2EB7002E167F /* worker.cuh */ = {isa = PBXFileReference; lastKnownFileType = text; path = worker.cuh; sourceTree = "<group>"; };
		59A97C25189F2EB7002E167F /* layer.py */ = {isa = PBXFileReference; lastKnownFileType = text.script.python; path = layer.py; sourceTree = "<group>"; };
		59A97C27189F2EB7002E167F /* Makefile */ = {isa = PBXFileReference; lastKnownFileType = sourcecode.make; path = Makefile; sourceTree = "<group>"; };
		59A97C40189F2EB7002E167F /* options.py */ = {isa = PBXFileReference; lastKnownFileType = text.script.python; path = options.py; sourceTree = "<group>"; };
		59A97C42189F2EB7002E167F /* ordereddict.py */ = {isa = PBXFileReference; lastKnownFileType = text.script.python; path = ordereddict.py; sourceTree = "<group>"; };
		59A97C44189F2EB7002E167F /* shownet.py */ = {isa = PBXFileReference; lastKnownFileType = text.script.python; path = shownet.py; sourceTree = "<group>"; };
		59A97C47189F2EB7002E167F /* matrix.cpp */ = {isa = PBXFileReference; lastKnownFileType = sourcecode.cpp.cpp; path = matrix.cpp; sourceTree = "<group>"; };
		59A97C48189F2EB7002E167F /* convnet.cu */ = {isa = PBXFileReference; lastKnownFileType = text; path = convnet.cu; sourceTree = "<group>"; };
		59A97C49189F2EB7002E167F /* cost.cu */ = {isa = PBXFileReference; lastKnownFileType = text; path = cost.cu; sourceTree = "<group>"; };
		59A97C4B189F2EB7002E167F /* conv_util.cu */ = {isa = PBXFileReference; lastKnownFileType = text; path = conv_util.cu; sourceTree = "<group>"; };
		59A97C4C189F2EB7002E167F /* filter_acts.cu */ = {isa = PBXFileReference; lastKnownFileType = text; path = filter_acts.cu; sourceTree = "<group>"; };
		59A97C4D189F2EB7002E167F /* img_acts.cu */ = {isa = PBXFileReference; lastKnownFileType = text; path = img_acts.cu; sourceTree = "<group>"; };
		59A97C4E189F2EB7002E167F /* weight_acts.cu */ = {isa = PBXFileReference; lastKnownFileType = text; path = weight_acts.cu; sourceTree = "<group>"; };
		59A97C4F189F2EB7002E167F /* data.cu */ = {isa = PBXFileReference; lastKnownFileType = text; path = data.cu; sourceTree = "<group>"; };
		59A97C50189F2EB7002E167F /* layer.cu */ = {isa = PBXFileReference; lastKnownFileType = text; path = layer.cu; sourceTree = "<group>"; };
		59A97C51189F2EB7002E167F /* layer_kernels.cu */ = {isa = PBXFileReference; lastKnownFileType = text; path = layer_kernels.cu; sourceTree = "<group>"; };
		59A97C52189F2EB7002E167F /* neuron.cu */ = {isa = PBXFileReference; lastKnownFileType = text; path = neuron.cu; sourceTree = "<group>"; };
		59A97C54189F2EB7002E167F /* nvmatrix.cu */ = {isa = PBXFileReference; lastKnownFileType = text; path = nvmatrix.cu; sourceTree = "<group>"; };
		59A97C55189F2EB7002E167F /* nvmatrix_kernels.cu */ = {isa = PBXFileReference; lastKnownFileType = text; path = nvmatrix_kernels.cu; sourceTree = "<group>"; };
		59A97C56189F2EB7002E167F /* pyconvnet.cu */ = {isa = PBXFileReference; lastKnownFileType = text; path = pyconvnet.cu; sourceTree = "<group>"; };
		59A97C57189F2EB7002E167F /* util.cu */ = {isa = PBXFileReference; lastKnownFileType = text; path = util.cu; sourceTree = "<group>"; };
		59A97C58189F2EB7002E167F /* weights.cu */ = {isa = PBXFileReference; lastKnownFileType = text; path = weights.cu; sourceTree = "<group>"; };
		59A97C59189F2EB7002E167F /* worker.cu */ = {isa = PBXFileReference; lastKnownFileType = text; path = worker.cu; sourceTree = "<group>"; };
		59A97C5A189F2EB7002E167F /* util.py */ = {isa = PBXFileReference; lastKnownFileType = text.script.python; path = util.py; sourceTree = "<group>"; };
/* End PBXFileReference section */

/* Begin PBXGroup section */
		59A97BEA189F2E88002E167F = {
			isa = PBXGroup;
			children = (
				59A97BF1189F2EB7002E167F /* ABOUT */,
				59A97BF2189F2EB7002E167F /* build.sh */,
				59A97BF3189F2EB7002E167F /* common-gcc-cuda-4.0.mk */,
				59A97BF4189F2EB7002E167F /* common-gcc-cuda-5.0.mk */,
				59A97BF5189F2EB7002E167F /* convdata.py */,
				59A97BF7189F2EB7002E167F /* convnet.py */,
				59A97BF9189F2EB7002E167F /* data.py */,
				59A97BFB189F2EB7002E167F /* example-layers */,
				59A97C0C189F2EB7002E167F /* gpumodel.py */,
				59A97C0E189F2EB7002E167F /* include */,
				59A97C25189F2EB7002E167F /* layer.py */,
				59A97C27189F2EB7002E167F /* Makefile */,
				59A97C40189F2EB7002E167F /* options.py */,
				59A97C42189F2EB7002E167F /* ordereddict.py */,
				59A97C44189F2EB7002E167F /* shownet.py */,
				59A97C45189F2EB7002E167F /* src */,
				59A97C5A189F2EB7002E167F /* util.py */,
			);
			sourceTree = "<group>";
		};
		59A97BFB189F2EB7002E167F /* example-layers */ = {
			isa = PBXGroup;
			children = (
				59A97BFC189F2EB7002E167F /* cuda_layer.cfg */,
				59A97BFD189F2EB7002E167F /* cuda_layer_params.cfg */,
				5910AE3218A15422001CE2C6 /* infinity_layer_params.cfg */,
				5910AE3318A15422001CE2C6 /* infinity_layer.cfg */,
				59A97BFE189F2EB7002E167F /* layer-params-18pct.cfg */,
				59A97BFF189F2EB7002E167F /* layer-params-19pct.cfg */,
				59A97C00189F2EB7002E167F /* layer-params-80sec.cfg */,
				59A97C01189F2EB7002E167F /* layer-params-conv-local-11pct.cfg */,
				59A97C02189F2EB7002E167F /* layer-params-conv-local-13pct.cfg */,
				59A97C03189F2EB7002E167F /* layer-params-example.cfg */,
				59A97C04189F2EB7002E167F /* layer-params.gc.cfg */,
				59A97C05189F2EB7002E167F /* layers-18pct.cfg */,
				59A97C06189F2EB7002E167F /* layers-19pct.cfg */,
				59A97C07189F2EB7002E167F /* layers-80sec.cfg */,
				59A97C08189F2EB7002E167F /* layers-conv-local-11pct.cfg */,
				59A97C09189F2EB7002E167F /* layers-conv-local-13pct.cfg */,
				59A97C0A189F2EB7002E167F /* layers-example.cfg */,
				59A97C0B189F2EB7002E167F /* layers.gc.cfg */,
				5910AE3018A05C05001CE2C6 /* test_layer_params.cfg */,
				5910AE3118A05C05001CE2C6 /* test_layer.cfg */,
			);
			path = "example-layers";
			sourceTree = "<group>";
		};
		59A97C0E189F2EB7002E167F /* include */ = {
			isa = PBXGroup;
			children = (
				59A97C0F189F2EB7002E167F /* common */,
				59A97C14189F2EB7002E167F /* convnet.cuh */,
				59A97C15189F2EB7002E167F /* cost.cuh */,
				59A97C16189F2EB7002E167F /* cudaconv2 */,
				59A97C19189F2EB7002E167F /* data.cuh */,
				59A97C1A189F2EB7002E167F /* layer.cuh */,
				59A97C1B189F2EB7002E167F /* layer_kernels.cuh */,
				59A97C1C189F2EB7002E167F /* neuron.cuh */,
				59A97C1D189F2EB7002E167F /* nvmatrix */,
				59A97C21189F2EB7002E167F /* pyconvnet.cuh */,
				59A97C22189F2EB7002E167F /* util.cuh */,
				59A97C23189F2EB7002E167F /* weights.cuh */,
				59A97C24189F2EB7002E167F /* worker.cuh */,
			);
			path = include;
			sourceTree = "<group>";
		};
		59A97C0F189F2EB7002E167F /* common */ = {
			isa = PBXGroup;
			children = (
				59A97C10189F2EB7002E167F /* matrix.h */,
				59A97C11189F2EB7002E167F /* matrix_funcs.h */,
				59A97C12189F2EB7002E167F /* queue.h */,
				59A97C13189F2EB7002E167F /* thread.h */,
			);
			path = common;
			sourceTree = "<group>";
		};
		59A97C16189F2EB7002E167F /* cudaconv2 */ = {
			isa = PBXGroup;
			children = (
				59A97C17189F2EB7002E167F /* conv_util.cuh */,
				59A97C18189F2EB7002E167F /* cudaconv2.cuh */,
			);
			path = cudaconv2;
			sourceTree = "<group>";
		};
		59A97C1D189F2EB7002E167F /* nvmatrix */ = {
			isa = PBXGroup;
			children = (
				59A97C1E189F2EB7002E167F /* nvmatrix.cuh */,
				59A97C1F189F2EB7002E167F /* nvmatrix_kernels.cuh */,
				59A97C20189F2EB7002E167F /* nvmatrix_operators.cuh */,
			);
			path = nvmatrix;
			sourceTree = "<group>";
		};
		59A97C45189F2EB7002E167F /* src */ = {
			isa = PBXGroup;
			children = (
				59A97C46189F2EB7002E167F /* common */,
				59A97C48189F2EB7002E167F /* convnet.cu */,
				59A97C49189F2EB7002E167F /* cost.cu */,
				59A97C4A189F2EB7002E167F /* cudaconv2 */,
				59A97C4F189F2EB7002E167F /* data.cu */,
				59A97C50189F2EB7002E167F /* layer.cu */,
				59A97C51189F2EB7002E167F /* layer_kernels.cu */,
				59A97C52189F2EB7002E167F /* neuron.cu */,
				59A97C53189F2EB7002E167F /* nvmatrix */,
				59A97C56189F2EB7002E167F /* pyconvnet.cu */,
				59A97C57189F2EB7002E167F /* util.cu */,
				59A97C58189F2EB7002E167F /* weights.cu */,
				59A97C59189F2EB7002E167F /* worker.cu */,
			);
			path = src;
			sourceTree = "<group>";
		};
		59A97C46189F2EB7002E167F /* common */ = {
			isa = PBXGroup;
			children = (
				59A97C47189F2EB7002E167F /* matrix.cpp */,
			);
			path = common;
			sourceTree = "<group>";
		};
		59A97C4A189F2EB7002E167F /* cudaconv2 */ = {
			isa = PBXGroup;
			children = (
				59A97C4B189F2EB7002E167F /* conv_util.cu */,
				59A97C4C189F2EB7002E167F /* filter_acts.cu */,
				59A97C4D189F2EB7002E167F /* img_acts.cu */,
				59A97C4E189F2EB7002E167F /* weight_acts.cu */,
			);
			path = cudaconv2;
			sourceTree = "<group>";
		};
		59A97C53189F2EB7002E167F /* nvmatrix */ = {
			isa = PBXGroup;
			children = (
				59A97C54189F2EB7002E167F /* nvmatrix.cu */,
				59A97C55189F2EB7002E167F /* nvmatrix_kernels.cu */,
			);
			path = nvmatrix;
			sourceTree = "<group>";
		};
/* End PBXGroup section */

/* Begin PBXProject section */
		59A97BEB189F2E88002E167F /* Project object */ = {
			isa = PBXProject;
			attributes = {
				LastUpgradeCheck = 0500;
			};
			buildConfigurationList = 59A97BEE189F2E88002E167F /* Build configuration list for PBXProject "cuda-convnet-original" */;
			compatibilityVersion = "Xcode 3.2";
			developmentRegion = English;
			hasScannedForEncodings = 0;
			knownRegions = (
				en,
			);
			mainGroup = 59A97BEA189F2E88002E167F;
			projectDirPath = "";
			projectRoot = "";
			targets = (
			);
		};
/* End PBXProject section */

/* Begin XCBuildConfiguration section */
		59A97BEF189F2E88002E167F /* Debug */ = {
			isa = XCBuildConfiguration;
			buildSettings = {
			};
			name = Debug;
		};
		59A97BF0189F2E88002E167F /* Release */ = {
			isa = XCBuildConfiguration;
			buildSettings = {
			};
			name = Release;
		};
/* End XCBuildConfiguration section */

/* Begin XCConfigurationList section */
		59A97BEE189F2E88002E167F /* Build configuration list for PBXProject "cuda-convnet-original" */ = {
			isa = XCConfigurationList;
			buildConfigurations = (
				59A97BEF189F2E88002E167F /* Debug */,
				59A97BF0189F2E88002E167F /* Release */,
			);
			defaultConfigurationIsVisible = 0;
			defaultConfigurationName = Release;
		};
/* End XCConfigurationList section */
	};
	rootObject = 59A97BEB189F2E88002E167F /* Project object */;
}
